// !$*UTF8*$!
{
	archiveVersion = 1;
	classes = {
	};
	objectVersion = 56;
	objects = {

/* Begin PBXBuildFile section */
		2D3C26D442D92D67033A7819 /* Pods_SimpleChart.framework in Frameworks */ = {isa = PBXBuildFile; fileRef = 86322AEDAE417331D41DD6D2 /* Pods_SimpleChart.framework */; };
		FAA040DD2B4D2A2900D1C3AB /* AppDelegate.swift in Sources */ = {isa = PBXBuildFile; fileRef = FAA040DC2B4D2A2900D1C3AB /* AppDelegate.swift */; };
		FAA040DF2B4D2A2900D1C3AB /* SceneDelegate.swift in Sources */ = {isa = PBXBuildFile; fileRef = FAA040DE2B4D2A2900D1C3AB /* SceneDelegate.swift */; };
		FAA040E12B4D2A2900D1C3AB /* ViewController.swift in Sources */ = {isa = PBXBuildFile; fileRef = FAA040E02B4D2A2900D1C3AB /* ViewController.swift */; };
		FAA040E42B4D2A2900D1C3AB /* Main.storyboard in Resources */ = {isa = PBXBuildFile; fileRef = FAA040E22B4D2A2900D1C3AB /* Main.storyboard */; };
		FAA040E62B4D2A2F00D1C3AB /* Assets.xcassets in Resources */ = {isa = PBXBuildFile; fileRef = FAA040E52B4D2A2F00D1C3AB /* Assets.xcassets */; };
		FAA040E92B4D2A2F00D1C3AB /* LaunchScreen.storyboard in Resources */ = {isa = PBXBuildFile; fileRef = FAA040E72B4D2A2F00D1C3AB /* LaunchScreen.storyboard */; };
/* End PBXBuildFile section */

/* Begin PBXFileReference section */
		86322AEDAE417331D41DD6D2 /* Pods_SimpleChart.framework */ = {isa = PBXFileReference; explicitFileType = wrapper.framework; includeInIndex = 0; path = Pods_SimpleChart.framework; sourceTree = BUILT_PRODUCTS_DIR; };
		DDAF123163E875F42C9E4907 /* Pods-SimpleChart.release.xcconfig */ = {isa = PBXFileReference; includeInIndex = 1; lastKnownFileType = text.xcconfig; name = "Pods-SimpleChart.release.xcconfig"; path = "Target Support Files/Pods-SimpleChart/Pods-SimpleChart.release.xcconfig"; sourceTree = "<group>"; };
		EA0B2D82EC9065CD60E54A81 /* Pods-SimpleChart.debug.xcconfig */ = {isa = PBXFileReference; includeInIndex = 1; lastKnownFileType = text.xcconfig; name = "Pods-SimpleChart.debug.xcconfig"; path = "Target Support Files/Pods-SimpleChart/Pods-SimpleChart.debug.xcconfig"; sourceTree = "<group>"; };
		FAA040D92B4D2A2900D1C3AB /* SimpleChart.app */ = {isa = PBXFileReference; explicitFileType = wrapper.application; includeInIndex = 0; path = SimpleChart.app; sourceTree = BUILT_PRODUCTS_DIR; };
		FAA040DC2B4D2A2900D1C3AB /* AppDelegate.swift */ = {isa = PBXFileReference; lastKnownFileType = sourcecode.swift; path = AppDelegate.swift; sourceTree = "<group>"; };
		FAA040DE2B4D2A2900D1C3AB /* SceneDelegate.swift */ = {isa = PBXFileReference; lastKnownFileType = sourcecode.swift; path = SceneDelegate.swift; sourceTree = "<group>"; };
		FAA040E02B4D2A2900D1C3AB /* ViewController.swift */ = {isa = PBXFileReference; lastKnownFileType = sourcecode.swift; path = ViewController.swift; sourceTree = "<group>"; };
		FAA040E32B4D2A2900D1C3AB /* Base */ = {isa = PBXFileReference; lastKnownFileType = file.storyboard; name = Base; path = Base.lproj/Main.storyboard; sourceTree = "<group>"; };
		FAA040E52B4D2A2F00D1C3AB /* Assets.xcassets */ = {isa = PBXFileReference; lastKnownFileType = folder.assetcatalog; path = Assets.xcassets; sourceTree = "<group>"; };
		FAA040E82B4D2A2F00D1C3AB /* Base */ = {isa = PBXFileReference; lastKnownFileType = file.storyboard; name = Base; path = Base.lproj/LaunchScreen.storyboard; sourceTree = "<group>"; };
		FAA040EA2B4D2A2F00D1C3AB /* Info.plist */ = {isa = PBXFileReference; lastKnownFileType = text.plist.xml; path = Info.plist; sourceTree = "<group>"; };
/* End PBXFileReference section */

/* Begin PBXFrameworksBuildPhase section */
		FAA040D62B4D2A2900D1C3AB /* Frameworks */ = {
			isa = PBXFrameworksBuildPhase;
			buildActionMask = 2147483647;
			files = (
				2D3C26D442D92D67033A7819 /* Pods_SimpleChart.framework in Frameworks */,
			);
			runOnlyForDeploymentPostprocessing = 0;
		};
/* End PBXFrameworksBuildPhase section */

/* Begin PBXGroup section */
		9A7A0A88E1D593EF96458718 /* Pods */ = {
			isa = PBXGroup;
			children = (
				EA0B2D82EC9065CD60E54A81 /* Pods-SimpleChart.debug.xcconfig */,
				DDAF123163E875F42C9E4907 /* Pods-SimpleChart.release.xcconfig */,
			);
			path = Pods;
			sourceTree = "<group>";
		};
		F219C727A650023A09C138F7 /* Frameworks */ = {
			isa = PBXGroup;
			children = (
				86322AEDAE417331D41DD6D2 /* Pods_SimpleChart.framework */,
			);
			name = Frameworks;
			sourceTree = "<group>";
		};
		FAA040D02B4D2A2900D1C3AB = {
			isa = PBXGroup;
			children = (
				FAA040DB2B4D2A2900D1C3AB /* SimpleChart */,
				FAA040DA2B4D2A2900D1C3AB /* Products */,
				9A7A0A88E1D593EF96458718 /* Pods */,
				F219C727A650023A09C138F7 /* Frameworks */,
			);
			sourceTree = "<group>";
		};
		FAA040DA2B4D2A2900D1C3AB /* Products */ = {
			isa = PBXGroup;
			children = (
				FAA040D92B4D2A2900D1C3AB /* SimpleChart.app */,
			);
			name = Products;
			sourceTree = "<group>";
		};
		FAA040DB2B4D2A2900D1C3AB /* SimpleChart */ = {
			isa = PBXGroup;
			children = (
				FAA040DC2B4D2A2900D1C3AB /* AppDelegate.swift */,
				FAA040DE2B4D2A2900D1C3AB /* SceneDelegate.swift */,
				FAA040E02B4D2A2900D1C3AB /* ViewController.swift */,
				FAA040E22B4D2A2900D1C3AB /* Main.storyboard */,
				FAA040E52B4D2A2F00D1C3AB /* Assets.xcassets */,
				FAA040E72B4D2A2F00D1C3AB /* LaunchScreen.storyboard */,
				FAA040EA2B4D2A2F00D1C3AB /* Info.plist */,
			);
			path = SimpleChart;
			sourceTree = "<group>";
		};
/* End PBXGroup section */

/* Begin PBXNativeTarget section */
		FAA040D82B4D2A2900D1C3AB /* SimpleChart */ = {
			isa = PBXNativeTarget;
			buildConfigurationList = FAA040ED2B4D2A3000D1C3AB /* Build configuration list for PBXNativeTarget "SimpleChart" */;
			buildPhases = (
				008DD36B2840CD707C81E9D7 /* [CP] Check Pods Manifest.lock */,
				FAA040D52B4D2A2900D1C3AB /* Sources */,
				FAA040D62B4D2A2900D1C3AB /* Frameworks */,
				FAA040D72B4D2A2900D1C3AB /* Resources */,
				8204E1DE51995FD732E66900 /* [CP] Embed Pods Frameworks */,
			);
			buildRules = (
			);
			dependencies = (
			);
			name = SimpleChart;
			productName = SimpleChart;
			productReference = FAA040D92B4D2A2900D1C3AB /* SimpleChart.app */;
			productType = "com.apple.product-type.application";
		};
/* End PBXNativeTarget section */

/* Begin PBXProject section */
		FAA040D12B4D2A2900D1C3AB /* Project object */ = {
			isa = PBXProject;
			attributes = {
				BuildIndependentTargetsInParallel = 1;
				LastSwiftUpdateCheck = 1500;
				LastUpgradeCheck = 1500;
				TargetAttributes = {
					FAA040D82B4D2A2900D1C3AB = {
						CreatedOnToolsVersion = 15.0;
					};
				};
			};
			buildConfigurationList = FAA040D42B4D2A2900D1C3AB /* Build configuration list for PBXProject "SimpleChart" */;
			compatibilityVersion = "Xcode 14.0";
			developmentRegion = en;
			hasScannedForEncodings = 0;
			knownRegions = (
				en,
				Base,
			);
			mainGroup = FAA040D02B4D2A2900D1C3AB;
			productRefGroup = FAA040DA2B4D2A2900D1C3AB /* Products */;
			projectDirPath = "";
			projectRoot = "";
			targets = (
				FAA040D82B4D2A2900D1C3AB /* SimpleChart */,
			);
		};
/* End PBXProject section */

/* Begin PBXResourcesBuildPhase section */
		FAA040D72B4D2A2900D1C3AB /* Resources */ = {
			isa = PBXResourcesBuildPhase;
			buildActionMask = 2147483647;
			files = (
				FAA040E92B4D2A2F00D1C3AB /* LaunchScreen.storyboard in Resources */,
				FAA040E62B4D2A2F00D1C3AB /* Assets.xcassets in Resources */,
				FAA040E42B4D2A2900D1C3AB /* Main.storyboard in Resources */,
			);
			runOnlyForDeploymentPostprocessing = 0;
		};
/* End PBXResourcesBuildPhase section */

/* Begin PBXShellScriptBuildPhase section */
		008DD36B2840CD707C81E9D7 /* [CP] Check Pods Manifest.lock */ = {
			isa = PBXShellScriptBuildPhase;
			buildActionMask = 2147483647;
			files = (
			);
			inputFileListPaths = (
			);
			inputPaths = (
				"${PODS_PODFILE_DIR_PATH}/Podfile.lock",
				"${PODS_ROOT}/Manifest.lock",
			);
			name = "[CP] Check Pods Manifest.lock";
			outputFileListPaths = (
			);
			outputPaths = (
				"$(DERIVED_FILE_DIR)/Pods-SimpleChart-checkManifestLockResult.txt",
			);
			runOnlyForDeploymentPostprocessing = 0;
			shellPath = /bin/sh;
			shellScript = "diff \"${PODS_PODFILE_DIR_PATH}/Podfile.lock\" \"${PODS_ROOT}/Manifest.lock\" > /dev/null\nif [ $? != 0 ] ; then\n    # print error to STDERR\n    echo \"error: The sandbox is not in sync with the Podfile.lock. Run 'pod install' or update your CocoaPods installation.\" >&2\n    exit 1\nfi\n# This output is used by Xcode 'outputs' to avoid re-running this script phase.\necho \"SUCCESS\" > \"${SCRIPT_OUTPUT_FILE_0}\"\n";
			showEnvVarsInLog = 0;
		};
		8204E1DE51995FD732E66900 /* [CP] Embed Pods Frameworks */ = {
			isa = PBXShellScriptBuildPhase;
			buildActionMask = 2147483647;
			files = (
			);
			inputFileListPaths = (
				"${PODS_ROOT}/Target Support Files/Pods-SimpleChart/Pods-SimpleChart-frameworks-${CONFIGURATION}-input-files.xcfilelist",
			);
			name = "[CP] Embed Pods Frameworks";
			outputFileListPaths = (
				"${PODS_ROOT}/Target Support Files/Pods-SimpleChart/Pods-SimpleChart-frameworks-${CONFIGURATION}-output-files.xcfilelist",
			);
			runOnlyForDeploymentPostprocessing = 0;
			shellPath = /bin/sh;
			shellScript = "\"${PODS_ROOT}/Target Support Files/Pods-SimpleChart/Pods-SimpleChart-frameworks.sh\"\n";
			showEnvVarsInLog = 0;
		};
/* End PBXShellScriptBuildPhase section */

/* Begin PBXSourcesBuildPhase section */
		FAA040D52B4D2A2900D1C3AB /* Sources */ = {
			isa = PBXSourcesBuildPhase;
			buildActionMask = 2147483647;
			files = (
				FAA040E12B4D2A2900D1C3AB /* ViewController.swift in Sources */,
				FAA040DD2B4D2A2900D1C3AB /* AppDelegate.swift in Sources */,
				FAA040DF2B4D2A2900D1C3AB /* SceneDelegate.swift in Sources */,
			);
			runOnlyForDeploymentPostprocessing = 0;
		};
/* End PBXSourcesBuildPhase section */

/* Begin PBXVariantGroup section */
		FAA040E22B4D2A2900D1C3AB /* Main.storyboard */ = {
			isa = PBXVariantGroup;
			children = (
				FAA040E32B4D2A2900D1C3AB /* Base */,
			);
			name = Main.storyboard;
			sourceTree = "<group>";
		};
		FAA040E72B4D2A2F00D1C3AB /* LaunchScreen.storyboard */ = {
			isa = PBXVariantGroup;
			children = (
				FAA040E82B4D2A2F00D1C3AB /* Base */,
			);
			name = LaunchScreen.storyboard;
			sourceTree = "<group>";
		};
/* End PBXVariantGroup section */

/* Begin XCBuildConfiguration section */
		FAA040EB2B4D2A3000D1C3AB /* Debug */ = {
			isa = XCBuildConfiguration;
			buildSettings = {
				ALWAYS_SEARCH_USER_PATHS = NO;
				ASSETCATALOG_COMPILER_GENERATE_SWIFT_ASSET_SYMBOL_EXTENSIONS = YES;
				CLANG_ANALYZER_NONNULL = YES;
				CLANG_ANALYZER_NUMBER_OBJECT_CONVERSION = YES_AGGRESSIVE;
				CLANG_CXX_LANGUAGE_STANDARD = "gnu++20";
				CLANG_ENABLE_MODULES = YES;
				CLANG_ENABLE_OBJC_ARC = YES;
				CLANG_ENABLE_OBJC_WEAK = YES;
				CLANG_WARN_BLOCK_CAPTURE_AUTORELEASING = YES;
				CLANG_WARN_BOOL_CONVERSION = YES;
				CLANG_WARN_COMMA = YES;
				CLANG_WARN_CONSTANT_CONVERSION = YES;
				CLANG_WARN_DEPRECATED_OBJC_IMPLEMENTATIONS = YES;
				CLANG_WARN_DIRECT_OBJC_ISA_USAGE = YES_ERROR;
				CLANG_WARN_DOCUMENTATION_COMMENTS = YES;
				CLANG_WARN_EMPTY_BODY = YES;
				CLANG_WARN_ENUM_CONVERSION = YES;
				CLANG_WARN_INFINITE_RECURSION = YES;
				CLANG_WARN_INT_CONVERSION = YES;
				CLANG_WARN_NON_LITERAL_NULL_CONVERSION = YES;
				CLANG_WARN_OBJC_IMPLICIT_RETAIN_SELF = YES;
				CLANG_WARN_OBJC_LITERAL_CONVERSION = YES;
				CLANG_WARN_OBJC_ROOT_CLASS = YES_ERROR;
				CLANG_WARN_QUOTED_INCLUDE_IN_FRAMEWORK_HEADER = YES;
				CLANG_WARN_RANGE_LOOP_ANALYSIS = YES;
				CLANG_WARN_STRICT_PROTOTYPES = YES;
				CLANG_WARN_SUSPICIOUS_MOVE = YES;
				CLANG_WARN_UNGUARDED_AVAILABILITY = YES_AGGRESSIVE;
				CLANG_WARN_UNREACHABLE_CODE = YES;
				CLANG_WARN__DUPLICATE_METHOD_MATCH = YES;
				COPY_PHASE_STRIP = NO;
				DEBUG_INFORMATION_FORMAT = dwarf;
				ENABLE_STRICT_OBJC_MSGSEND = YES;
				ENABLE_TESTABILITY = YES;
				ENABLE_USER_SCRIPT_SANDBOXING = NO;
				GCC_C_LANGUAGE_STANDARD = gnu17;
				GCC_DYNAMIC_NO_PIC = NO;
				GCC_NO_COMMON_BLOCKS = YES;
				GCC_OPTIMIZATION_LEVEL = 0;
				GCC_PREPROCESSOR_DEFINITIONS = (
					"DEBUG=1",
					"$(inherited)",
				);
				GCC_WARN_64_TO_32_BIT_CONVERSION = YES;
				GCC_WARN_ABOUT_RETURN_TYPE = YES_ERROR;
				GCC_WARN_UNDECLARED_SELECTOR = YES;
				GCC_WARN_UNINITIALIZED_AUTOS = YES_AGGRESSIVE;
				GCC_WARN_UNUSED_FUNCTION = YES;
				GCC_WARN_UNUSED_VARIABLE = YES;
				IPHONEOS_DEPLOYMENT_TARGET = 15.0;
				LOCALIZATION_PREFERS_STRING_CATALOGS = YES;
				MTL_ENABLE_DEBUG_INFO = INCLUDE_SOURCE;
				MTL_FAST_MATH = YES;
				ONLY_ACTIVE_ARCH = YES;
				SDKROOT = iphoneos;
				SWIFT_ACTIVE_COMPILATION_CONDITIONS = "DEBUG $(inherited)";
				SWIFT_OPTIMIZATION_LEVEL = "-Onone";
			};
			name = Debug;
		};
		FAA040EC2B4D2A3000D1C3AB /* Release */ = {
			isa = XCBuildConfiguration;
			buildSettings = {
				ALWAYS_SEARCH_USER_PATHS = NO;
				ASSETCATALOG_COMPILER_GENERATE_SWIFT_ASSET_SYMBOL_EXTENSIONS = YES;
				CLANG_ANALYZER_NONNULL = YES;
				CLANG_ANALYZER_NUMBER_OBJECT_CONVERSION = YES_AGGRESSIVE;
				CLANG_CXX_LANGUAGE_STANDARD = "gnu++20";
				CLANG_ENABLE_MODULES = YES;
				CLANG_ENABLE_OBJC_ARC = YES;
				CLANG_ENABLE_OBJC_WEAK = YES;
				CLANG_WARN_BLOCK_CAPTURE_AUTORELEASING = YES;
				CLANG_WARN_BOOL_CONVERSION = YES;
				CLANG_WARN_COMMA = YES;
				CLANG_WARN_CONSTANT_CONVERSION = YES;
				CLANG_WARN_DEPRECATED_OBJC_IMPLEMENTATIONS = YES;
				CLANG_WARN_DIRECT_OBJC_ISA_USAGE = YES_ERROR;
				CLANG_WARN_DOCUMENTATION_COMMENTS = YES;
				CLANG_WARN_EMPTY_BODY = YES;
				CLANG_WARN_ENUM_CONVERSION = YES;
				CLANG_WARN_INFINITE_RECURSION = YES;
				CLANG_WARN_INT_CONVERSION = YES;
				CLANG_WARN_NON_LITERAL_NULL_CONVERSION = YES;
				CLANG_WARN_OBJC_IMPLICIT_RETAIN_SELF = YES;
				CLANG_WARN_OBJC_LITERAL_CONVERSION = YES;
				CLANG_WARN_OBJC_ROOT_CLASS = YES_ERROR;
				CLANG_WARN_QUOTED_INCLUDE_IN_FRAMEWORK_HEADER = YES;
				CLANG_WARN_RANGE_LOOP_ANALYSIS = YES;
				CLANG_WARN_STRICT_PROTOTYPES = YES;
				CLANG_WARN_SUSPICIOUS_MOVE = YES;
				CLANG_WARN_UNGUARDED_AVAILABILITY = YES_AGGRESSIVE;
				CLANG_WARN_UNREACHABLE_CODE = YES;
				CLANG_WARN__DUPLICATE_METHOD_MATCH = YES;
				COPY_PHASE_STRIP = NO;
				DEBUG_INFORMATION_FORMAT = "dwarf-with-dsym";
				ENABLE_NS_ASSERTIONS = NO;
				ENABLE_STRICT_OBJC_MSGSEND = YES;
				ENABLE_USER_SCRIPT_SANDBOXING = NO;
				GCC_C_LANGUAGE_STANDARD = gnu17;
				GCC_NO_COMMON_BLOCKS = YES;
				GCC_WARN_64_TO_32_BIT_CONVERSION = YES;
				GCC_WARN_ABOUT_RETURN_TYPE = YES_ERROR;
				GCC_WARN_UNDECLARED_SELECTOR = YES;
				GCC_WARN_UNINITIALIZED_AUTOS = YES_AGGRESSIVE;
				GCC_WARN_UNUSED_FUNCTION = YES;
				GCC_WARN_UNUSED_VARIABLE = YES;
				IPHONEOS_DEPLOYMENT_TARGET = 15.0;
				LOCALIZATION_PREFERS_STRING_CATALOGS = YES;
				MTL_ENABLE_DEBUG_INFO = NO;
				MTL_FAST_MATH = YES;
				SDKROOT = iphoneos;
				SWIFT_COMPILATION_MODE = wholemodule;
				VALIDATE_PRODUCT = YES;
			};
			name = Release;
		};
		FAA040EE2B4D2A3000D1C3AB /* Debug */ = {
			isa = XCBuildConfiguration;
			baseConfigurationReference = EA0B2D82EC9065CD60E54A81 /* Pods-SimpleChart.debug.xcconfig */;
			buildSettings = {
				ASSETCATALOG_COMPILER_APPICON_NAME = AppIcon;
				ASSETCATALOG_COMPILER_GLOBAL_ACCENT_COLOR_NAME = AccentColor;
				CODE_SIGN_STYLE = Automatic;
				CURRENT_PROJECT_VERSION = 1;
				DEVELOPMENT_TEAM = 67Z2Y2BMXN;
				GENERATE_INFOPLIST_FILE = YES;
				INFOPLIST_FILE = SimpleChart/Info.plist;
				INFOPLIST_KEY_UIApplicationSupportsIndirectInputEvents = YES;
				INFOPLIST_KEY_UILaunchStoryboardName = LaunchScreen;
				INFOPLIST_KEY_UIMainStoryboardFile = Main;
				INFOPLIST_KEY_UISupportedInterfaceOrientations_iPad = "UIInterfaceOrientationPortrait UIInterfaceOrientationPortraitUpsideDown UIInterfaceOrientationLandscapeLeft UIInterfaceOrientationLandscapeRight";
				INFOPLIST_KEY_UISupportedInterfaceOrientations_iPhone = "UIInterfaceOrientationPortrait UIInterfaceOrientationLandscapeLeft UIInterfaceOrientationLandscapeRight";
				IPHONEOS_DEPLOYMENT_TARGET = 15.0;
				LD_RUNPATH_SEARCH_PATHS = (
					"$(inherited)",
					"@executable_path/Frameworks",
				);
				MARKETING_VERSION = 1.0;
				PRODUCT_BUNDLE_IDENTIFIER = com.tongngo.SimpleChart;
				PRODUCT_NAME = "$(TARGET_NAME)";
				SWIFT_EMIT_LOC_STRINGS = YES;
				SWIFT_VERSION = 5.0;
				TARGETED_DEVICE_FAMILY = "1,2";
			};
			name = Debug;
		};
		FAA040EF2B4D2A3000D1C3AB /* Release */ = {
			isa = XCBuildConfiguration;
			baseConfigurationReference = DDAF123163E875F42C9E4907 /* Pods-SimpleChart.release.xcconfig */;
			buildSettings = {
				ASSETCATALOG_COMPILER_APPICON_NAME = AppIcon;
				ASSETCATALOG_COMPILER_GLOBAL_ACCENT_COLOR_NAME = AccentColor;
				CODE_SIGN_STYLE = Automatic;
				CURRENT_PROJECT_VERSION = 1;
				DEVELOPMENT_TEAM = 67Z2Y2BMXN;
				GENERATE_INFOPLIST_FILE = YES;
				INFOPLIST_FILE = SimpleChart/Info.plist;
				INFOPLIST_KEY_UIApplicationSupportsIndirectInputEvents = YES;
				INFOPLIST_KEY_UILaunchStoryboardName = LaunchScreen;
				INFOPLIST_KEY_UIMainStoryboardFile = Main;
				INFOPLIST_KEY_UISupportedInterfaceOrientations_iPad = "UIInterfaceOrientationPortrait UIInterfaceOrientationPortraitUpsideDown UIInterfaceOrientationLandscapeLeft UIInterfaceOrientationLandscapeRight";
				INFOPLIST_KEY_UISupportedInterfaceOrientations_iPhone = "UIInterfaceOrientationPortrait UIInterfaceOrientationLandscapeLeft UIInterfaceOrientationLandscapeRight";
				IPHONEOS_DEPLOYMENT_TARGET = 15.0;
				LD_RUNPATH_SEARCH_PATHS = (
					"$(inherited)",
					"@executable_path/Frameworks",
				);
				MARKETING_VERSION = 1.0;
				PRODUCT_BUNDLE_IDENTIFIER = com.tongngo.SimpleChart;
				PRODUCT_NAME = "$(TARGET_NAME)";
				SWIFT_EMIT_LOC_STRINGS = YES;
				SWIFT_VERSION = 5.0;
				TARGETED_DEVICE_FAMILY = "1,2";
			};
			name = Release;
		};
/* End XCBuildConfiguration section */

/* Begin XCConfigurationList section */
		FAA040D42B4D2A2900D1C3AB /* Build configuration list for PBXProject "SimpleChart" */ = {
			isa = XCConfigurationList;
			buildConfigurations = (
				FAA040EB2B4D2A3000D1C3AB /* Debug */,
				FAA040EC2B4D2A3000D1C3AB /* Release */,
			);
			defaultConfigurationIsVisible = 0;
			defaultConfigurationName = Release;
		};
		FAA040ED2B4D2A3000D1C3AB /* Build configuration list for PBXNativeTarget "SimpleChart" */ = {
			isa = XCConfigurationList;
			buildConfigurations = (
				FAA040EE2B4D2A3000D1C3AB /* Debug */,
				FAA040EF2B4D2A3000D1C3AB /* Release */,
			);
			defaultConfigurationIsVisible = 0;
			defaultConfigurationName = Release;
		};
/* End XCConfigurationList section */
	};
	rootObject = FAA040D12B4D2A2900D1C3AB /* Project object */;
}
